
Microsoft Visual Studio Solution File, Format Version 12.00
# Visual Studio 15
VisualStudioVersion = 15.0.26014.0
MinimumVisualStudioVersion = 10.0.40219.1
Project("{9A19103F-16F7-4668-BE54-9A1E7A4F7556}") = "SVIBEL.Core.AuthenticationClient", "SVIBEL.Core.AuthenticationClient\SVIBEL.Core.AuthenticationClient.csproj", "{F54020C5-A5DC-4911-B6A8-EB13EF3ED77E}"
EndProject
Project("{9A19103F-16F7-4668-BE54-9A1E7A4F7556}") = "SVIBEL.Core.Common", "SVIBEL.Core.Common\SVIBEL.Core.Common.csproj", "{0DDC75D0-C60C-4E45-A030-0A6CF6FBAEA8}"
EndProject
Project("{9A19103F-16F7-4668-BE54-9A1E7A4F7556}") = "SVIBEL.Core.Config", "SVIBEL.Core.Config\SVIBEL.Core.Config.csproj", "{D3EBF0A4-E4B5-4AFC-8530-FBA79B80196C}"
EndProject
Project("{9A19103F-16F7-4668-BE54-9A1E7A4F7556}") = "SVIBEL.Core.ConsoleHarness", "SVIBEL.Core.ConsoleHarness\SVIBEL.Core.ConsoleHarness.csproj", "{6768BDBB-669B-4464-A161-2F9EC514931C}"
EndProject
Project("{9A19103F-16F7-4668-BE54-9A1E7A4F7556}") = "SVIBEL.Core.Messaging", "SVIBEL.Core.Messaging\SVIBEL.Core.Messaging.csproj", "{CC469EF2-E60A-43C4-9959-567FA2A2FD9B}"
EndProject
Project("{9A19103F-16F7-4668-BE54-9A1E7A4F7556}") = "SVIBEL.Core.Models", "SVIBEL.Core.Models\SVIBEL.Core.Models.csproj", "{2FB123D3-F12B-4CFA-9DC6-5483DCDA20A5}"
EndProject
Global
	GlobalSection(SolutionConfigurationPlatforms) = preSolution
		Debug|Any CPU = Debug|Any CPU
		Debug|x64 = Debug|x64
		Debug|x86 = Debug|x86
		Release|Any CPU = Release|Any CPU
		Release|x64 = Release|x64
		Release|x86 = Release|x86
	EndGlobalSection
	GlobalSection(ProjectConfigurationPlatforms) = postSolution
		{F54020C5-A5DC-4911-B6A8-EB13EF3ED77E}.Debug|Any CPU.ActiveCfg = Debug|Any CPU
		{F54020C5-A5DC-4911-B6A8-EB13EF3ED77E}.Debug|Any CPU.Build.0 = Debug|Any CPU
		{F54020C5-A5DC-4911-B6A8-EB13EF3ED77E}.Debug|x64.ActiveCfg = Debug|x64
		{F54020C5-A5DC-4911-B6A8-EB13EF3ED77E}.Debug|x64.Build.0 = Debug|x64
		{F54020C5-A5DC-4911-B6A8-EB13EF3ED77E}.Debug|x86.ActiveCfg = Debug|x86
		{F54020C5-A5DC-4911-B6A8-EB13EF3ED77E}.Debug|x86.Build.0 = Debug|x86
		{F54020C5-A5DC-4911-B6A8-EB13EF3ED77E}.Release|Any CPU.ActiveCfg = Release|Any CPU
		{F54020C5-A5DC-4911-B6A8-EB13EF3ED77E}.Release|Any CPU.Build.0 = Release|Any CPU
		{F54020C5-A5DC-4911-B6A8-EB13EF3ED77E}.Release|x64.ActiveCfg = Release|x64
		{F54020C5-A5DC-4911-B6A8-EB13EF3ED77E}.Release|x64.Build.0 = Release|x64
		{F54020C5-A5DC-4911-B6A8-EB13EF3ED77E}.Release|x86.ActiveCfg = Release|x86
		{F54020C5-A5DC-4911-B6A8-EB13EF3ED77E}.Release|x86.Build.0 = Release|x86
		{0DDC75D0-C60C-4E45-A030-0A6CF6FBAEA8}.Debug|Any CPU.ActiveCfg = Debug|Any CPU
		{0DDC75D0-C60C-4E45-A030-0A6CF6FBAEA8}.Debug|Any CPU.Build.0 = Debug|Any CPU
		{0DDC75D0-C60C-4E45-A030-0A6CF6FBAEA8}.Debug|x64.ActiveCfg = Debug|x64
		{0DDC75D0-C60C-4E45-A030-0A6CF6FBAEA8}.Debug|x64.Build.0 = Debug|x64
		{0DDC75D0-C60C-4E45-A030-0A6CF6FBAEA8}.Debug|x86.ActiveCfg = Debug|x86
		{0DDC75D0-C60C-4E45-A030-0A6CF6FBAEA8}.Debug|x86.Build.0 = Debug|x86
		{0DDC75D0-C60C-4E45-A030-0A6CF6FBAEA8}.Release|Any CPU.ActiveCfg = Release|Any CPU
		{0DDC75D0-C60C-4E45-A030-0A6CF6FBAEA8}.Release|Any CPU.Build.0 = Release|Any CPU
		{0DDC75D0-C60C-4E45-A030-0A6CF6FBAEA8}.Release|x64.ActiveCfg = Release|x64
		{0DDC75D0-C60C-4E45-A030-0A6CF6FBAEA8}.Release|x64.Build.0 = Release|x64
		{0DDC75D0-C60C-4E45-A030-0A6CF6FBAEA8}.Release|x86.ActiveCfg = Release|x86
		{0DDC75D0-C60C-4E45-A030-0A6CF6FBAEA8}.Release|x86.Build.0 = Release|x86
		{D3EBF0A4-E4B5-4AFC-8530-FBA79B80196C}.Debug|Any CPU.ActiveCfg = Debug|Any CPU
		{D3EBF0A4-E4B5-4AFC-8530-FBA79B80196C}.Debug|Any CPU.Build.0 = Debug|Any CPU
		{D3EBF0A4-E4B5-4AFC-8530-FBA79B80196C}.Debug|x64.ActiveCfg = Debug|x64
		{D3EBF0A4-E4B5-4AFC-8530-FBA79B80196C}.Debug|x64.Build.0 = Debug|x64
		{D3EBF0A4-E4B5-4AFC-8530-FBA79B80196C}.Debug|x86.ActiveCfg = Debug|x86
		{D3EBF0A4-E4B5-4AFC-8530-FBA79B80196C}.Debug|x86.Build.0 = Debug|x86
		{D3EBF0A4-E4B5-4AFC-8530-FBA79B80196C}.Release|Any CPU.ActiveCfg = Release|Any CPU
		{D3EBF0A4-E4B5-4AFC-8530-FBA79B80196C}.Release|Any CPU.Build.0 = Release|Any CPU
		{D3EBF0A4-E4B5-4AFC-8530-FBA79B80196C}.Release|x64.ActiveCfg = Release|x64
		{D3EBF0A4-E4B5-4AFC-8530-FBA79B80196C}.Release|x64.Build.0 = Release|x64
		{D3EBF0A4-E4B5-4AFC-8530-FBA79B80196C}.Release|x86.ActiveCfg = Release|x86
		{D3EBF0A4-E4B5-4AFC-8530-FBA79B80196C}.Release|x86.Build.0 = Release|x86
		{6768BDBB-669B-4464-A161-2F9EC514931C}.Debug|Any CPU.ActiveCfg = Debug|Any CPU
		{6768BDBB-669B-4464-A161-2F9EC514931C}.Debug|Any CPU.Build.0 = Debug|Any CPU
		{6768BDBB-669B-4464-A161-2F9EC514931C}.Debug|x64.ActiveCfg = Debug|x64
		{6768BDBB-669B-4464-A161-2F9EC514931C}.Debug|x64.Build.0 = Debug|x64
		{6768BDBB-669B-4464-A161-2F9EC514931C}.Debug|x86.ActiveCfg = Debug|x86
		{6768BDBB-669B-4464-A161-2F9EC514931C}.Debug|x86.Build.0 = Debug|x86
		{6768BDBB-669B-4464-A161-2F9EC514931C}.Release|Any CPU.ActiveCfg = Release|Any CPU
		{6768BDBB-669B-4464-A161-2F9EC514931C}.Release|Any CPU.Build.0 = Release|Any CPU
		{6768BDBB-669B-4464-A161-2F9EC514931C}.Release|x64.ActiveCfg = Release|x64
		{6768BDBB-669B-4464-A161-2F9EC514931C}.Release|x64.Build.0 = Release|x64
		{6768BDBB-669B-4464-A161-2F9EC514931C}.Release|x86.ActiveCfg = Release|x86
		{6768BDBB-669B-4464-A161-2F9EC514931C}.Release|x86.Build.0 = Release|x86
		{CC469EF2-E60A-43C4-9959-567FA2A2FD9B}.Debug|Any CPU.ActiveCfg = Debug|Any CPU
		{CC469EF2-E60A-43C4-9959-567FA2A2FD9B}.Debug|Any CPU.Build.0 = Debug|Any CPU
		{CC469EF2-E60A-43C4-9959-567FA2A2FD9B}.Debug|x64.ActiveCfg = Debug|x64
		{CC469EF2-E60A-43C4-9959-567FA2A2FD9B}.Debug|x64.Build.0 = Debug|x64
		{CC469EF2-E60A-43C4-9959-567FA2A2FD9B}.Debug|x86.ActiveCfg = Debug|x86
		{CC469EF2-E60A-43C4-9959-567FA2A2FD9B}.Debug|x86.Build.0 = Debug|x86
		{CC469EF2-E60A-43C4-9959-567FA2A2FD9B}.Release|Any CPU.ActiveCfg = Release|Any CPU
		{CC469EF2-E60A-43C4-9959-567FA2A2FD9B}.Release|Any CPU.Build.0 = Release|Any CPU
		{CC469EF2-E60A-43C4-9959-567FA2A2FD9B}.Release|x64.ActiveCfg = Release|x64
		{CC469EF2-E60A-43C4-9959-567FA2A2FD9B}.Release|x64.Build.0 = Release|x64
		{CC469EF2-E60A-43C4-9959-567FA2A2FD9B}.Release|x86.ActiveCfg = Release|x86
		{CC469EF2-E60A-43C4-9959-567FA2A2FD9B}.Release|x86.Build.0 = Release|x86
		{2FB123D3-F12B-4CFA-9DC6-5483DCDA20A5}.Debug|Any CPU.ActiveCfg = Debug|Any CPU
		{2FB123D3-F12B-4CFA-9DC6-5483DCDA20A5}.Debug|Any CPU.Build.0 = Debug|Any CPU
		{2FB123D3-F12B-4CFA-9DC6-5483DCDA20A5}.Debug|x64.ActiveCfg = Debug|x64
		{2FB123D3-F12B-4CFA-9DC6-5483DCDA20A5}.Debug|x64.Build.0 = Debug|x64
		{2FB123D3-F12B-4CFA-9DC6-5483DCDA20A5}.Debug|x86.ActiveCfg = Debug|x86
		{2FB123D3-F12B-4CFA-9DC6-5483DCDA20A5}.Debug|x86.Build.0 = Debug|x86
		{2FB123D3-F12B-4CFA-9DC6-5483DCDA20A5}.Release|Any CPU.ActiveCfg = Release|Any CPU
		{2FB123D3-F12B-4CFA-9DC6-5483DCDA20A5}.Release|Any CPU.Build.0 = Release|Any CPU
		{2FB123D3-F12B-4CFA-9DC6-5483DCDA20A5}.Release|x64.ActiveCfg = Release|x64
		{2FB123D3-F12B-4CFA-9DC6-5483DCDA20A5}.Release|x64.Build.0 = Release|x64
		{2FB123D3-F12B-4CFA-9DC6-5483DCDA20A5}.Release|x86.ActiveCfg = Release|x86
		{2FB123D3-F12B-4CFA-9DC6-5483DCDA20A5}.Release|x86.Build.0 = Release|x86
	EndGlobalSection
	GlobalSection(SolutionProperties) = preSolution
		HideSolutionNode = FALSE
	EndGlobalSection
EndGlobal
